
Microsoft Visual Studio Solution File, Format Version 12.00
# Visual Studio Version 17
VisualStudioVersion = 17.2.32526.322
MinimumVisualStudioVersion = 10.0.40219.1
Project("{FAE04EC0-301F-11D3-BF4B-00C04F79EFBC}") = "Reflection", "Reflection\Reflection.csproj", "{42277558-8892-49BF-922E-FDE937F3007E}"
EndProject
Global
	GlobalSection(SolutionConfigurationPlatforms) = preSolution
		Debug|Any CPU = Debug|Any CPU
		Release|Any CPU = Release|Any CPU
	EndGlobalSection
	GlobalSection(ProjectConfigurationPlatforms) = postSolution
		{42277558-8892-49BF-922E-FDE937F3007E}.Debug|Any CPU.ActiveCfg = Debug|Any CPU
		{42277558-8892-49BF-922E-FDE937F3007E}.Debug|Any CPU.Build.0 = Debug|Any CPU
		{42277558-8892-49BF-922E-FDE937F3007E}.Release|Any CPU.ActiveCfg = Release|Any CPU
		{42277558-8892-49BF-922E-FDE937F3007E}.Release|Any CPU.Build.0 = Release|Any CPU
	EndGlobalSection
	GlobalSection(SolutionProperties) = preSolution
		HideSolutionNode = FALSE
	EndGlobalSection
	GlobalSection(ExtensibilityGlobals) = postSolution
		SolutionGuid = {4C42BDDC-986D-4347-96CF-AC305C199295}
	EndGlobalSection
EndGlobal
